
Microsoft Visual Studio Solution File, Format Version 12.00
# Visual Studio Version 17
VisualStudioVersion = 17.6.33801.468
MinimumVisualStudioVersion = 10.0.40219.1
Project("{FAE04EC0-301F-11D3-BF4B-00C04F79EFBC}") = "Umbraco11SSO", "Umbraco11SSO\Umbraco11SSO.csproj", "{146693F3-3168-4842-B9BD-C7659650A1E3}"
EndProject
Global
	GlobalSection(SolutionConfigurationPlatforms) = preSolution
		Debug|Any CPU = Debug|Any CPU
		Release|Any CPU = Release|Any CPU
	EndGlobalSection
	GlobalSection(ProjectConfigurationPlatforms) = postSolution
		{146693F3-3168-4842-B9BD-C7659650A1E3}.Debug|Any CPU.ActiveCfg = Debug|Any CPU
		{146693F3-3168-4842-B9BD-C7659650A1E3}.Debug|Any CPU.Build.0 = Debug|Any CPU
		{146693F3-3168-4842-B9BD-C7659650A1E3}.Release|Any CPU.ActiveCfg = Release|Any CPU
		{146693F3-3168-4842-B9BD-C7659650A1E3}.Release|Any CPU.Build.0 = Release|Any CPU
	EndGlobalSection
	GlobalSection(SolutionProperties) = preSolution
		HideSolutionNode = FALSE
	EndGlobalSection
	GlobalSection(ExtensibilityGlobals) = postSolution
		SolutionGuid = {3F3CA5D5-CC03-49C7-8643-B6D721264894}
	EndGlobalSection
EndGlobal
